
Microsoft Visual Studio Solution File, Format Version 12.00
# Visual Studio Version 17
VisualStudioVersion = 17.5.002.0
MinimumVisualStudioVersion = 10.0.40219.1
Project("{9A19103F-16F7-4668-BE54-9A1E7A4F7556}") = "PIM", "PIM.csproj", "{0BCE348F-E131-4A84-A910-2CF32799B7F7}"
EndProject
Global
	GlobalSection(SolutionConfigurationPlatforms) = preSolution
		Debug|Any CPU = Debug|Any CPU
		Release|Any CPU = Release|Any CPU
	EndGlobalSection
	GlobalSection(ProjectConfigurationPlatforms) = postSolution
		{0BCE348F-E131-4A84-A910-2CF32799B7F7}.Debug|Any CPU.ActiveCfg = Debug|Any CPU
		{0BCE348F-E131-4A84-A910-2CF32799B7F7}.Debug|Any CPU.Build.0 = Debug|Any CPU
		{0BCE348F-E131-4A84-A910-2CF32799B7F7}.Release|Any CPU.ActiveCfg = Release|Any CPU
		{0BCE348F-E131-4A84-A910-2CF32799B7F7}.Release|Any CPU.Build.0 = Release|Any CPU
	EndGlobalSection
	GlobalSection(SolutionProperties) = preSolution
		HideSolutionNode = FALSE
	EndGlobalSection
	GlobalSection(ExtensibilityGlobals) = postSolution
		SolutionGuid = {BD4BAF0A-B939-45A1-865C-06FD390635A2}
	EndGlobalSection
EndGlobal
